// !$*UTF8*$!
{
	archiveVersion = 1;
	classes = {
	};
	objectVersion = 56;
	objects = {

/* Begin PBXBuildFile section */
		18F54D22AE33400FB73CD8B0 /* FortressApp.swift in Sources */ = {isa = PBXBuildFile; fileRef = B1475392956543789D0A5E3E /* FortressApp.swift */; };
		078AF885E5C24D97BAA34453 /* DashboardView.swift in Sources */ = {isa = PBXBuildFile; fileRef = 5CFC7713B0C74F9193F8F3DE /* DashboardView.swift */; };
		13D7D4981F074A448B11323B /* SetupView.swift in Sources */ = {isa = PBXBuildFile; fileRef = 44FBF429AB144099BDB9365C /* SetupView.swift */; };
		1F8544F520D34865A02460EA /* ItemDetailView.swift in Sources */ = {isa = PBXBuildFile; fileRef = 054043E6207D4CBBA9522120 /* ItemDetailView.swift */; };
		93B5744A93804C1FAD3A3192 /* SidebarView.swift in Sources */ = {isa = PBXBuildFile; fileRef = A4C18400B83442588C712CFA /* SidebarView.swift */; };
		42592F207ABE4D4B9CB96D75 /* ItemEditView.swift in Sources */ = {isa = PBXBuildFile; fileRef = 3B32B55361AE4F5C92077DA2 /* ItemEditView.swift */; };
		FE368470680C4669BD8FDAAE /* MainView.swift in Sources */ = {isa = PBXBuildFile; fileRef = 070397092B1D49AFBAD553A8 /* MainView.swift */; };
		F324B3BE7E5645DD9383C432 /* ItemListView.swift in Sources */ = {isa = PBXBuildFile; fileRef = 323E0875A983446292A15E73 /* ItemListView.swift */; };
		42D176F496CB44AFAB39F959 /* CardView.swift in Sources */ = {isa = PBXBuildFile; fileRef = A2449FEC0969476184C130C0 /* CardView.swift */; };
		679D8262CFD443BEA138BA18 /* MagicButton.swift in Sources */ = {isa = PBXBuildFile; fileRef = C8A9D7140E354BE5A58F0908 /* MagicButton.swift */; };
		D2CC0CDC6CCE4ACEB512C86F /* SecureTextField.swift in Sources */ = {isa = PBXBuildFile; fileRef = 2AB8730686C14236A639388C /* SecureTextField.swift */; };
		524884CDC5BE487FB9183BC6 /* KeychainHelper.swift in Sources */ = {isa = PBXBuildFile; fileRef = E2244CBFDF8046B4BC6197B0 /* KeychainHelper.swift */; };
		DAAE8A0266A547FEB3297863 /* TOTPGenerator.swift in Sources */ = {isa = PBXBuildFile; fileRef = 5F155E41B1204C94BD83730C /* TOTPGenerator.swift */; };
		7FCFB91B4A344E76A3274A26 /* PasswordGenerator.swift in Sources */ = {isa = PBXBuildFile; fileRef = 739232B3DE5A43CCA1B9400D /* PasswordGenerator.swift */; };
		9320B4ACC095417E88BB0551 /* CryptoEngine.swift in Sources */ = {isa = PBXBuildFile; fileRef = AD9EAC3FE90B4189BB12B9C6 /* CryptoEngine.swift */; };
		779FB1B5343F41EA801D44A4 /* VaultState.swift in Sources */ = {isa = PBXBuildFile; fileRef = 6701B888A01A4410B4AD5605 /* VaultState.swift */; };
		BB94DD4287744C75A311CDBD /* SchemaV1.swift in Sources */ = {isa = PBXBuildFile; fileRef = 617CDD0E82C44844B9B4AEB4 /* SchemaV1.swift */; };
		28D728D845EB40A2AD46E7BA /* VaultItemType.swift in Sources */ = {isa = PBXBuildFile; fileRef = 7FC4504A41EC44BBA19417DC /* VaultItemType.swift */; };
		1B3A9D3311724F8493FE25FC /* AuditEngine.swift in Sources */ = {isa = PBXBuildFile; fileRef = 53A2597FEEB048DDA3D201D2 /* AuditEngine.swift */; };
		D2F269084B7B476794A77E13 /* BackupManager.swift in Sources */ = {isa = PBXBuildFile; fileRef = DB3F8D31F8C3404798FA8B64 /* BackupManager.swift */; };
/* End PBXBuildFile section */

/* Begin PBXFileReference section */
		83C994187A1A41EABF071204 /* Fortress.app */ = {isa = PBXFileReference; explicitFileType = "wrapper.application"; includeInIndex = 0; path = "Fortress.app"; sourceTree = BUILT_PRODUCTS_DIR; };
		B1475392956543789D0A5E3E /* FortressApp.swift */ = {isa = PBXFileReference; lastKnownFileType = "source.swift"; name = "FortressApp.swift"; path = "Sources/Fortress/FortressApp.swift"; sourceTree = SOURCE_ROOT; };
		E2F9DABD262C4CD0BE5F0B1F /* Fortress.entitlements */ = {isa = PBXFileReference; lastKnownFileType = "text.plist.entitlements"; name = "Fortress.entitlements"; path = "Sources/Fortress/Fortress.entitlements"; sourceTree = SOURCE_ROOT; };
		5CFC7713B0C74F9193F8F3DE /* DashboardView.swift */ = {isa = PBXFileReference; lastKnownFileType = "source.swift"; name = "DashboardView.swift"; path = "Sources/Fortress/UI/DashboardView.swift"; sourceTree = SOURCE_ROOT; };
		44FBF429AB144099BDB9365C /* SetupView.swift */ = {isa = PBXFileReference; lastKnownFileType = "source.swift"; name = "SetupView.swift"; path = "Sources/Fortress/UI/SetupView.swift"; sourceTree = SOURCE_ROOT; };
		054043E6207D4CBBA9522120 /* ItemDetailView.swift */ = {isa = PBXFileReference; lastKnownFileType = "source.swift"; name = "ItemDetailView.swift"; path = "Sources/Fortress/UI/ItemDetailView.swift"; sourceTree = SOURCE_ROOT; };
		A4C18400B83442588C712CFA /* SidebarView.swift */ = {isa = PBXFileReference; lastKnownFileType = "source.swift"; name = "SidebarView.swift"; path = "Sources/Fortress/UI/SidebarView.swift"; sourceTree = SOURCE_ROOT; };
		3B32B55361AE4F5C92077DA2 /* ItemEditView.swift */ = {isa = PBXFileReference; lastKnownFileType = "source.swift"; name = "ItemEditView.swift"; path = "Sources/Fortress/UI/ItemEditView.swift"; sourceTree = SOURCE_ROOT; };
		070397092B1D49AFBAD553A8 /* MainView.swift */ = {isa = PBXFileReference; lastKnownFileType = "source.swift"; name = "MainView.swift"; path = "Sources/Fortress/UI/MainView.swift"; sourceTree = SOURCE_ROOT; };
		323E0875A983446292A15E73 /* ItemListView.swift */ = {isa = PBXFileReference; lastKnownFileType = "source.swift"; name = "ItemListView.swift"; path = "Sources/Fortress/UI/ItemListView.swift"; sourceTree = SOURCE_ROOT; };
		A2449FEC0969476184C130C0 /* CardView.swift */ = {isa = PBXFileReference; lastKnownFileType = "source.swift"; name = "CardView.swift"; path = "Sources/Fortress/UI/Components/CardView.swift"; sourceTree = SOURCE_ROOT; };
		C8A9D7140E354BE5A58F0908 /* MagicButton.swift */ = {isa = PBXFileReference; lastKnownFileType = "source.swift"; name = "MagicButton.swift"; path = "Sources/Fortress/UI/Components/MagicButton.swift"; sourceTree = SOURCE_ROOT; };
		2AB8730686C14236A639388C /* SecureTextField.swift */ = {isa = PBXFileReference; lastKnownFileType = "source.swift"; name = "SecureTextField.swift"; path = "Sources/Fortress/UI/Components/SecureTextField.swift"; sourceTree = SOURCE_ROOT; };
		E2244CBFDF8046B4BC6197B0 /* KeychainHelper.swift */ = {isa = PBXFileReference; lastKnownFileType = "source.swift"; name = "KeychainHelper.swift"; path = "Sources/Fortress/Crypto/KeychainHelper.swift"; sourceTree = SOURCE_ROOT; };
		5F155E41B1204C94BD83730C /* TOTPGenerator.swift */ = {isa = PBXFileReference; lastKnownFileType = "source.swift"; name = "TOTPGenerator.swift"; path = "Sources/Fortress/Crypto/TOTPGenerator.swift"; sourceTree = SOURCE_ROOT; };
		739232B3DE5A43CCA1B9400D /* PasswordGenerator.swift */ = {isa = PBXFileReference; lastKnownFileType = "source.swift"; name = "PasswordGenerator.swift"; path = "Sources/Fortress/Crypto/PasswordGenerator.swift"; sourceTree = SOURCE_ROOT; };
		AD9EAC3FE90B4189BB12B9C6 /* CryptoEngine.swift */ = {isa = PBXFileReference; lastKnownFileType = "source.swift"; name = "CryptoEngine.swift"; path = "Sources/Fortress/Crypto/CryptoEngine.swift"; sourceTree = SOURCE_ROOT; };
		6701B888A01A4410B4AD5605 /* VaultState.swift */ = {isa = PBXFileReference; lastKnownFileType = "source.swift"; name = "VaultState.swift"; path = "Sources/Fortress/Models/VaultState.swift"; sourceTree = SOURCE_ROOT; };
		617CDD0E82C44844B9B4AEB4 /* SchemaV1.swift */ = {isa = PBXFileReference; lastKnownFileType = "source.swift"; name = "SchemaV1.swift"; path = "Sources/Fortress/Models/SchemaV1.swift"; sourceTree = SOURCE_ROOT; };
		7FC4504A41EC44BBA19417DC /* VaultItemType.swift */ = {isa = PBXFileReference; lastKnownFileType = "source.swift"; name = "VaultItemType.swift"; path = "Sources/Fortress/Models/VaultItemType.swift"; sourceTree = SOURCE_ROOT; };
		53A2597FEEB048DDA3D201D2 /* AuditEngine.swift */ = {isa = PBXFileReference; lastKnownFileType = "source.swift"; name = "AuditEngine.swift"; path = "Sources/Fortress/Audit/AuditEngine.swift"; sourceTree = SOURCE_ROOT; };
		DB3F8D31F8C3404798FA8B64 /* BackupManager.swift */ = {isa = PBXFileReference; lastKnownFileType = "source.swift"; name = "BackupManager.swift"; path = "Sources/Fortress/Backup/BackupManager.swift"; sourceTree = SOURCE_ROOT; };
/* End PBXFileReference section */

/* Begin PBXFrameworksBuildPhase section */
		B4D5754B6DE54F2A8E7996F3 /* Frameworks */ = {
			isa = PBXFrameworksBuildPhase;
			buildActionMask = 2147483647;
			files = (
			);
			runOnlyForDeploymentPostprocessing = 0;
		};
/* End PBXFrameworksBuildPhase section */

/* Begin PBXGroup section */
		23BC01AFD68D4D22BA73CF42 = {
			isa = PBXGroup;
			children = (
				1A0F5BC0DD484CBBA123B68F /* Sources */,
				0B738F5CF1FF4291B2C8C06F /* Products */,
			);
			sourceTree = "<group>";
		};
		0B738F5CF1FF4291B2C8C06F /* Products */ = {
			isa = PBXGroup;
			children = (
				83C994187A1A41EABF071204 /* Fortress.app */,
			);
			name = Products;
			sourceTree = "<group>";
		};
		1A0F5BC0DD484CBBA123B68F /* Sources */ = {
			isa = PBXGroup;
			children = (
				2BF2176009A64014A3C5B08C /* Fortress */,
			);
			name = "Sources";
			path = Sources;
			sourceTree = "<group>";
		};
		2BF2176009A64014A3C5B08C /* Fortress */ = {
			isa = PBXGroup;
			children = (
				C71AFEC481D04B2297425139 /* UI */,
				17BCC65EF7C04341846B6B45 /* Crypto */,
				A70F2B3A03D2453EAB509D1E /* Models */,
				8D37EF8D1C9A4ADEAFA027FE /* Audit */,
				DA2D8FB27BC9446B93FCB14B /* Backup */,
				B1475392956543789D0A5E3E /* FortressApp.swift */,
				E2F9DABD262C4CD0BE5F0B1F /* Fortress.entitlements */,
			);
			name = "Fortress";
			sourceTree = "<group>";
		};
		C71AFEC481D04B2297425139 /* UI */ = {
			isa = PBXGroup;
			children = (
				7F7A5E5ED2A947A0AC1C9F7B /* Components */,
				5CFC7713B0C74F9193F8F3DE /* DashboardView.swift */,
				44FBF429AB144099BDB9365C /* SetupView.swift */,
				054043E6207D4CBBA9522120 /* ItemDetailView.swift */,
				A4C18400B83442588C712CFA /* SidebarView.swift */,
				3B32B55361AE4F5C92077DA2 /* ItemEditView.swift */,
				070397092B1D49AFBAD553A8 /* MainView.swift */,
				323E0875A983446292A15E73 /* ItemListView.swift */,
			);
			name = "UI";
			sourceTree = "<group>";
		};
		8D37EF8D1C9A4ADEAFA027FE /* Audit */ = {
			isa = PBXGroup;
			children = (
				53A2597FEEB048DDA3D201D2 /* AuditEngine.swift */,
			);
			name = "Audit";
			sourceTree = "<group>";
		};
		17BCC65EF7C04341846B6B45 /* Crypto */ = {
			isa = PBXGroup;
			children = (
				E2244CBFDF8046B4BC6197B0 /* KeychainHelper.swift */,
				5F155E41B1204C94BD83730C /* TOTPGenerator.swift */,
				739232B3DE5A43CCA1B9400D /* PasswordGenerator.swift */,
				AD9EAC3FE90B4189BB12B9C6 /* CryptoEngine.swift */,
			);
			name = "Crypto";
			sourceTree = "<group>";
		};
		A70F2B3A03D2453EAB509D1E /* Models */ = {
			isa = PBXGroup;
			children = (
				6701B888A01A4410B4AD5605 /* VaultState.swift */,
				617CDD0E82C44844B9B4AEB4 /* SchemaV1.swift */,
				7FC4504A41EC44BBA19417DC /* VaultItemType.swift */,
			);
			name = "Models";
			sourceTree = "<group>";
		};
		DA2D8FB27BC9446B93FCB14B /* Backup */ = {
			isa = PBXGroup;
			children = (
				DB3F8D31F8C3404798FA8B64 /* BackupManager.swift */,
			);
			name = "Backup";
			sourceTree = "<group>";
		};
		7F7A5E5ED2A947A0AC1C9F7B /* Components */ = {
			isa = PBXGroup;
			children = (
				A2449FEC0969476184C130C0 /* CardView.swift */,
				C8A9D7140E354BE5A58F0908 /* MagicButton.swift */,
				2AB8730686C14236A639388C /* SecureTextField.swift */,
			);
			name = "Components";
			sourceTree = "<group>";
		};
/* End PBXGroup section */

/* Begin PBXNativeTarget section */
		A0F939D716E440F7B019946D /* Fortress */ = {
			isa = PBXNativeTarget;
			buildConfigurationList = 4A81F70E013B4BED8A61E79B /* Build configuration list for PBXNativeTarget "Fortress" */;
			buildPhases = (
				2740A39D2EFB4BEE9472985E /* Sources */,
				B4D5754B6DE54F2A8E7996F3 /* Frameworks */,
				7E819D5D5C8B4036BBB31D8E /* Resources */,
			);
			buildRules = (
			);
			dependencies = (
			);
			name = Fortress;
			productName = Fortress;
			productReference = 83C994187A1A41EABF071204 /* Fortress.app */;
			productType = "com.apple.product-type.application";
		};
/* End PBXNativeTarget section */

/* Begin PBXProject section */
		2A1C1B408CB642C59090E467 /* Project object */ = {
			isa = PBXProject;
			attributes = {
				BuildIndependentTargetsInParallel = YES;
				LastSwiftUpdateCheck = 1500;
				LastUpgradeCheck = 1500;
				TargetAttributes = {
					A0F939D716E440F7B019946D = {
						CreatedOnToolsVersion = "15.0";
						DevelopmentTeam = "";
					};
				};
			};
			buildConfigurationList = 66AEEADB6E834E278D156D15 /* Build configuration list for PBXProject "Fortress" */;
			compatibilityVersion = "Xcode 14.0";
			developmentRegion = en;
			hasScannedForEncodings = 0;
			knownRegions = (
				en,
				Base,
			);
			mainGroup = 23BC01AFD68D4D22BA73CF42;
			productRefGroup = 0B738F5CF1FF4291B2C8C06F /* Products */;
			projectDirPath = "";
			projectRoot = "";
			targets = (
				A0F939D716E440F7B019946D /* Fortress */,
			);
		};
/* End PBXProject section */

/* Begin PBXResourcesBuildPhase section */
		7E819D5D5C8B4036BBB31D8E /* Resources */ = {
			isa = PBXResourcesBuildPhase;
			buildActionMask = 2147483647;
			files = (
			);
			runOnlyForDeploymentPostprocessing = 0;
		};
/* End PBXResourcesBuildPhase section */

/* Begin PBXSourcesBuildPhase section */
		2740A39D2EFB4BEE9472985E /* Sources */ = {
			isa = PBXSourcesBuildPhase;
			buildActionMask = 2147483647;
			files = (
				18F54D22AE33400FB73CD8B0 /* FortressApp.swift in Sources */,
				078AF885E5C24D97BAA34453 /* DashboardView.swift in Sources */,
				13D7D4981F074A448B11323B /* SetupView.swift in Sources */,
				1F8544F520D34865A02460EA /* ItemDetailView.swift in Sources */,
				93B5744A93804C1FAD3A3192 /* SidebarView.swift in Sources */,
				42592F207ABE4D4B9CB96D75 /* ItemEditView.swift in Sources */,
				FE368470680C4669BD8FDAAE /* MainView.swift in Sources */,
				F324B3BE7E5645DD9383C432 /* ItemListView.swift in Sources */,
				42D176F496CB44AFAB39F959 /* CardView.swift in Sources */,
				679D8262CFD443BEA138BA18 /* MagicButton.swift in Sources */,
				D2CC0CDC6CCE4ACEB512C86F /* SecureTextField.swift in Sources */,
				524884CDC5BE487FB9183BC6 /* KeychainHelper.swift in Sources */,
				DAAE8A0266A547FEB3297863 /* TOTPGenerator.swift in Sources */,
				7FCFB91B4A344E76A3274A26 /* PasswordGenerator.swift in Sources */,
				9320B4ACC095417E88BB0551 /* CryptoEngine.swift in Sources */,
				779FB1B5343F41EA801D44A4 /* VaultState.swift in Sources */,
				BB94DD4287744C75A311CDBD /* SchemaV1.swift in Sources */,
				28D728D845EB40A2AD46E7BA /* VaultItemType.swift in Sources */,
				1B3A9D3311724F8493FE25FC /* AuditEngine.swift in Sources */,
				D2F269084B7B476794A77E13 /* BackupManager.swift in Sources */,
			);
			runOnlyForDeploymentPostprocessing = 0;
		};
/* End PBXSourcesBuildPhase section */

/* Begin XCBuildConfiguration section */
		835965B42040456383BEE784 /* Debug */ = {
			isa = XCBuildConfiguration;
			buildSettings = {
				ALWAYS_SEARCH_USER_PATHS = NO;
				CLANG_ANALYZER_NONNULL = YES;
				CLANG_ANALYZER_NUMBER_OBJECT_CONVERSION = YES_AGGRESSIVE;
				CLANG_CXX_LANGUAGE_STANDARD = "gnu++20";
				CLANG_ENABLE_MODULES = YES;
				CLANG_ENABLE_OBJC_ARC = YES;
				CLANG_ENABLE_OBJC_WEAK = YES;
				COPY_PHASE_STRIP = NO;
				DEBUG_INFORMATION_FORMAT = dwarf;
				ENABLE_STRICT_OBJC_MSGSEND = YES;
				ENABLE_TESTABILITY = YES;
				GCC_C_LANGUAGE_STANDARD = gnu11;
				GCC_DYNAMIC_NO_PIC = NO;
				GCC_NO_COMMON_BLOCKS = YES;
				GCC_OPTIMIZATION_LEVEL = 0;
				GCC_PREPROCESSOR_DEFINITIONS = (
					"DEBUG=1",
					"$(inherited)",
				);
				GCC_WARN_64_TO_32_BIT_CONVERSION = YES;
				GCC_WARN_ABOUT_RETURN_TYPE = YES_ERROR;
				GCC_WARN_UNDECLARED_SELECTOR = YES;
				GCC_WARN_UNINITIALIZED_ACTUAL = YES_AGGRESSIVE;
				GCC_WARN_UNUSED_FUNCTION = YES;
				GCC_WARN_UNUSED_VARIABLE = YES;
				MTL_ENABLE_DEBUG_INFO = INCLUDE_SOURCE;
				MTL_FAST_MATH = YES;
				ONLY_ACTIVE_ARCH = YES;
				SDKROOT = macosx;
				IPHONEOS_DEPLOYMENT_TARGET = "17.0";
				MACOSX_DEPLOYMENT_TARGET = "14.0";
				SWIFT_ACTIVE_COMPILATION_CONDITIONS = DEBUG;
				SWIFT_OPTIMIZATION_LEVEL = "-Onone";
			};
			name = Debug;
		};
		2D816FD458344B91887D2A6B /* Release */ = {
			isa = XCBuildConfiguration;
			buildSettings = {
				ALWAYS_SEARCH_USER_PATHS = NO;
				CLANG_ANALYZER_NONNULL = YES;
				CLANG_ANALYZER_NUMBER_OBJECT_CONVERSION = YES_AGGRESSIVE;
				CLANG_CXX_LANGUAGE_STANDARD = "gnu++20";
				CLANG_ENABLE_MODULES = YES;
				CLANG_ENABLE_OBJC_ARC = YES;
				CLANG_ENABLE_OBJC_WEAK = YES;
				COPY_PHASE_STRIP = YES;
				DEBUG_INFORMATION_FORMAT = "dwarf-with-dsym";
				ENABLE_NS_ASSERTIONS = NO;
				ENABLE_STRICT_OBJC_MSGSEND = YES;
				GCC_C_LANGUAGE_STANDARD = gnu11;
				GCC_NO_COMMON_BLOCKS = YES;
				GCC_WARN_64_TO_32_BIT_CONVERSION = YES;
				GCC_WARN_ABOUT_RETURN_TYPE = YES_ERROR;
				GCC_WARN_UNDECLARED_SELECTOR = YES;
				GCC_WARN_UNINITIALIZED_ACTUAL = YES_AGGRESSIVE;
				GCC_WARN_UNUSED_FUNCTION = YES;
				GCC_WARN_UNUSED_VARIABLE = YES;
				MTL_ENABLE_DEBUG_INFO = NO;
				MTL_FAST_MATH = YES;
				SDKROOT = macosx;
				IPHONEOS_DEPLOYMENT_TARGET = "17.0";
				MACOSX_DEPLOYMENT_TARGET = "14.0";
				SWIFT_COMPILATION_MODE = wholemodule;
				SWIFT_OPTIMIZATION_LEVEL = "-O";
			};
			name = Release;
		};
		A5AD8F7B90304A6EAF2C1B36 /* Debug */ = {
			isa = XCBuildConfiguration;
			buildSettings = {
				ASSETCATALOG_COMPILER_APPICON_NAME = AppIcon;
				ASSETCATALOG_COMPILER_GLOBAL_ACCENT_COLOR_NAME = AccentColor;
				CODE_SIGN_STYLE = Automatic;
				CURRENT_PROJECT_VERSION = 1;
				GENERATE_INFOPLIST_FILE = YES;
				INFOPLIST_KEY_CFBundleDisplayName = Fortress;
				INFOPLIST_KEY_LSApplicationCategoryType = "public.app-category.developer-tools";
				INFOPLIST_KEY_NSFaceIDUsageDescription = "Fortress uses Face ID to securely unlock your vault.";
				LD_RUNPATH_SEARCH_PATHS = (
					"$(inherited)",
					"@executable_path/Frameworks",
				);
				MARKETING_VERSION = "1.0";
				PRODUCT_BUNDLE_IDENTIFIER = "com.fortress.app";
				PRODUCT_NAME = "$(TARGET_NAME)";
				SUPPORTED_PLATFORMS = "iphoneos iphonesimulator macosx appletvos appletvsimulator watchos watchsimulator xros xrsimulator";
				TARGETED_DEVICE_FAMILY = "1,2";
				IPHONEOS_DEPLOYMENT_TARGET = "17.0";
				MACOSX_DEPLOYMENT_TARGET = "14.0";
				SWIFT_VERSION = "5.9";
			};
			name = Debug;
		};
		8ED0BB6B8C08465C93C143EF /* Release */ = {
			isa = XCBuildConfiguration;
			buildSettings = {
				ASSETCATALOG_COMPILER_APPICON_NAME = AppIcon;
				ASSETCATALOG_COMPILER_GLOBAL_ACCENT_COLOR_NAME = AccentColor;
				CODE_SIGN_STYLE = Automatic;
				CURRENT_PROJECT_VERSION = 1;
				GENERATE_INFOPLIST_FILE = YES;
				INFOPLIST_KEY_CFBundleDisplayName = Fortress;
				INFOPLIST_KEY_LSApplicationCategoryType = "public.app-category.developer-tools";
				INFOPLIST_KEY_NSFaceIDUsageDescription = "Fortress uses Face ID to securely unlock your vault.";
				LD_RUNPATH_SEARCH_PATHS = (
					"$(inherited)",
					"@executable_path/Frameworks",
				);
				MARKETING_VERSION = "1.0";
				PRODUCT_BUNDLE_IDENTIFIER = "com.fortress.app";
				PRODUCT_NAME = "$(TARGET_NAME)";
				SUPPORTED_PLATFORMS = "iphoneos iphonesimulator macosx appletvos appletvsimulator watchos watchsimulator xros xrsimulator";
				TARGETED_DEVICE_FAMILY = "1,2";
				IPHONEOS_DEPLOYMENT_TARGET = "17.0";
				MACOSX_DEPLOYMENT_TARGET = "14.0";
				SWIFT_VERSION = "5.9";
			};
			name = Release;
		};
/* End XCBuildConfiguration section */

/* Begin XCConfigurationList section */
		66AEEADB6E834E278D156D15 /* Build configuration list for PBXProject "Fortress" */ = {
			isa = XCConfigurationList;
			buildConfigurations = (
				835965B42040456383BEE784 /* Debug */,
				2D816FD458344B91887D2A6B /* Release */,
			);
			defaultConfigurationIsVisible = 0;
			defaultConfigurationName = Release;
		};
		4A81F70E013B4BED8A61E79B /* Build configuration list for PBXNativeTarget "Fortress" */ = {
			isa = XCConfigurationList;
			buildConfigurations = (
				A5AD8F7B90304A6EAF2C1B36 /* Debug */,
				8ED0BB6B8C08465C93C143EF /* Release */,
			);
			defaultConfigurationIsVisible = 0;
			defaultConfigurationName = Release;
		};
/* End XCConfigurationList section */
	};
	rootObject = 2A1C1B408CB642C59090E467 /* Project object */;
}